
Microsoft Visual Studio Solution File, Format Version 12.00
# Visual Studio Version 17
VisualStudioVersion = 17.9.34622.214
MinimumVisualStudioVersion = 10.0.40219.1
Project("{FAE04EC0-301F-11D3-BF4B-00C04F79EFBC}") = "Win01", "Win01\Win01.csproj", "{F31B4936-2C3A-458E-86E5-85F6673D60F2}"
EndProject
Project("{FAE04EC0-301F-11D3-BF4B-00C04F79EFBC}") = "Win02", "Win02\Win02.csproj", "{6AAB0D6C-F15D-425E-A21F-C4C85317B2A1}"
EndProject
Global
	GlobalSection(SolutionConfigurationPlatforms) = preSolution
		Debug|Any CPU = Debug|Any CPU
		Release|Any CPU = Release|Any CPU
	EndGlobalSection
	GlobalSection(ProjectConfigurationPlatforms) = postSolution
		{F31B4936-2C3A-458E-86E5-85F6673D60F2}.Debug|Any CPU.ActiveCfg = Debug|Any CPU
		{F31B4936-2C3A-458E-86E5-85F6673D60F2}.Debug|Any CPU.Build.0 = Debug|Any CPU
		{F31B4936-2C3A-458E-86E5-85F6673D60F2}.Release|Any CPU.ActiveCfg = Release|Any CPU
		{F31B4936-2C3A-458E-86E5-85F6673D60F2}.Release|Any CPU.Build.0 = Release|Any CPU
		{6AAB0D6C-F15D-425E-A21F-C4C85317B2A1}.Debug|Any CPU.ActiveCfg = Debug|Any CPU
		{6AAB0D6C-F15D-425E-A21F-C4C85317B2A1}.Debug|Any CPU.Build.0 = Debug|Any CPU
		{6AAB0D6C-F15D-425E-A21F-C4C85317B2A1}.Release|Any CPU.ActiveCfg = Release|Any CPU
		{6AAB0D6C-F15D-425E-A21F-C4C85317B2A1}.Release|Any CPU.Build.0 = Release|Any CPU
	EndGlobalSection
	GlobalSection(SolutionProperties) = preSolution
		HideSolutionNode = FALSE
	EndGlobalSection
	GlobalSection(ExtensibilityGlobals) = postSolution
		SolutionGuid = {B9A81B79-D586-48B4-8CE6-8726CF3FA885}
	EndGlobalSection
EndGlobal
